// !$*UTF8*$!
{
	archiveVersion = 1;
	classes = {
	};
	objectVersion = 46;
	objects = {

/* Begin PBXBuildFile section */
		651DC84D1E53059800A9BED3 /* main.m in Sources */ = {isa = PBXBuildFile; fileRef = 651DC84C1E53059800A9BED3 /* main.m */; };
		651DC8501E53059800A9BED3 /* AppDelegate.m in Sources */ = {isa = PBXBuildFile; fileRef = 651DC84F1E53059800A9BED3 /* AppDelegate.m */; };
		651DC8531E53059800A9BED3 /* ViewController.m in Sources */ = {isa = PBXBuildFile; fileRef = 651DC8521E53059800A9BED3 /* ViewController.m */; };
		651DC8561E53059800A9BED3 /* Main.storyboard in Resources */ = {isa = PBXBuildFile; fileRef = 651DC8541E53059800A9BED3 /* Main.storyboard */; };
		651DC8581E53059800A9BED3 /* Assets.xcassets in Resources */ = {isa = PBXBuildFile; fileRef = 651DC8571E53059800A9BED3 /* Assets.xcassets */; };
		651DC85B1E53059800A9BED3 /* LaunchScreen.storyboard in Resources */ = {isa = PBXBuildFile; fileRef = 651DC8591E53059800A9BED3 /* LaunchScreen.storyboard */; };
		A97F6B19BA639DC3AC11CE8B /* libPods-ShareMoney.a in Frameworks */ = {isa = PBXBuildFile; fileRef = 34C851F349258736D825C810 /* libPods-ShareMoney.a */; };
/* End PBXBuildFile section */

/* Begin PBXFileReference section */
		34C851F349258736D825C810 /* libPods-ShareMoney.a */ = {isa = PBXFileReference; explicitFileType = archive.ar; includeInIndex = 0; path = "libPods-ShareMoney.a"; sourceTree = BUILT_PRODUCTS_DIR; };
		651DC8481E53059800A9BED3 /* ShareMoney.app */ = {isa = PBXFileReference; explicitFileType = wrapper.application; includeInIndex = 0; path = ShareMoney.app; sourceTree = BUILT_PRODUCTS_DIR; };
		651DC84C1E53059800A9BED3 /* main.m */ = {isa = PBXFileReference; lastKnownFileType = sourcecode.c.objc; path = main.m; sourceTree = "<group>"; };
		651DC84E1E53059800A9BED3 /* AppDelegate.h */ = {isa = PBXFileReference; lastKnownFileType = sourcecode.c.h; path = AppDelegate.h; sourceTree = "<group>"; };
		651DC84F1E53059800A9BED3 /* AppDelegate.m */ = {isa = PBXFileReference; lastKnownFileType = sourcecode.c.objc; path = AppDelegate.m; sourceTree = "<group>"; };
		651DC8511E53059800A9BED3 /* ViewController.h */ = {isa = PBXFileReference; lastKnownFileType = sourcecode.c.h; path = ViewController.h; sourceTree = "<group>"; };
		651DC8521E53059800A9BED3 /* ViewController.m */ = {isa = PBXFileReference; lastKnownFileType = sourcecode.c.objc; path = ViewController.m; sourceTree = "<group>"; };
		651DC8551E53059800A9BED3 /* Base */ = {isa = PBXFileReference; lastKnownFileType = file.storyboard; name = Base; path = Base.lproj/Main.storyboard; sourceTree = "<group>"; };
		651DC8571E53059800A9BED3 /* Assets.xcassets */ = {isa = PBXFileReference; lastKnownFileType = folder.assetcatalog; path = Assets.xcassets; sourceTree = "<group>"; };
		651DC85A1E53059800A9BED3 /* Base */ = {isa = PBXFileReference; lastKnownFileType = file.storyboard; name = Base; path = Base.lproj/LaunchScreen.storyboard; sourceTree = "<group>"; };
		651DC85C1E53059800A9BED3 /* Info.plist */ = {isa = PBXFileReference; lastKnownFileType = text.plist.xml; path = Info.plist; sourceTree = "<group>"; };
		833D80A5B792F30B150D29F4 /* Pods-ShareMoney.release.xcconfig */ = {isa = PBXFileReference; includeInIndex = 1; lastKnownFileType = text.xcconfig; name = "Pods-ShareMoney.release.xcconfig"; path = "Pods/Target Support Files/Pods-ShareMoney/Pods-ShareMoney.release.xcconfig"; sourceTree = "<group>"; };
		DE0A84367A25A0A25C9A418B /* Pods-ShareMoney.debug.xcconfig */ = {isa = PBXFileReference; includeInIndex = 1; lastKnownFileType = text.xcconfig; name = "Pods-ShareMoney.debug.xcconfig"; path = "Pods/Target Support Files/Pods-ShareMoney/Pods-ShareMoney.debug.xcconfig"; sourceTree = "<group>"; };
/* End PBXFileReference section */

/* Begin PBXFrameworksBuildPhase section */
		651DC8451E53059800A9BED3 /* Frameworks */ = {
			isa = PBXFrameworksBuildPhase;
			buildActionMask = 2147483647;
			files = (
				A97F6B19BA639DC3AC11CE8B /* libPods-ShareMoney.a in Frameworks */,
			);
			runOnlyForDeploymentPostprocessing = 0;
		};
/* End PBXFrameworksBuildPhase section */

/* Begin PBXGroup section */
		651DC83F1E53059800A9BED3 = {
			isa = PBXGroup;
			children = (
				651DC84A1E53059800A9BED3 /* ShareMoney */,
				651DC8491E53059800A9BED3 /* Products */,
				EC39E034D4E4D2258FB96AFA /* Pods */,
				E6B567737A5F07FA9AADE4FD /* Frameworks */,
			);
			sourceTree = "<group>";
		};
		651DC8491E53059800A9BED3 /* Products */ = {
			isa = PBXGroup;
			children = (
				651DC8481E53059800A9BED3 /* ShareMoney.app */,
			);
			name = Products;
			sourceTree = "<group>";
		};
		651DC84A1E53059800A9BED3 /* ShareMoney */ = {
			isa = PBXGroup;
			children = (
				651DC84E1E53059800A9BED3 /* AppDelegate.h */,
				651DC84F1E53059800A9BED3 /* AppDelegate.m */,
				651DC8511E53059800A9BED3 /* ViewController.h */,
				651DC8521E53059800A9BED3 /* ViewController.m */,
				651DC8541E53059800A9BED3 /* Main.storyboard */,
				651DC8571E53059800A9BED3 /* Assets.xcassets */,
				651DC8591E53059800A9BED3 /* LaunchScreen.storyboard */,
				651DC85C1E53059800A9BED3 /* Info.plist */,
				651DC84B1E53059800A9BED3 /* Supporting Files */,
			);
			path = ShareMoney;
			sourceTree = "<group>";
		};
		651DC84B1E53059800A9BED3 /* Supporting Files */ = {
			isa = PBXGroup;
			children = (
				651DC84C1E53059800A9BED3 /* main.m */,
			);
			name = "Supporting Files";
			sourceTree = "<group>";
		};
		E6B567737A5F07FA9AADE4FD /* Frameworks */ = {
			isa = PBXGroup;
			children = (
				34C851F349258736D825C810 /* libPods-ShareMoney.a */,
			);
			name = Frameworks;
			sourceTree = "<group>";
		};
		EC39E034D4E4D2258FB96AFA /* Pods */ = {
			isa = PBXGroup;
			children = (
				DE0A84367A25A0A25C9A418B /* Pods-ShareMoney.debug.xcconfig */,
				833D80A5B792F30B150D29F4 /* Pods-ShareMoney.release.xcconfig */,
			);
			name = Pods;
			sourceTree = "<group>";
		};
/* End PBXGroup section */

/* Begin PBXNativeTarget section */
		651DC8471E53059800A9BED3 /* ShareMoney */ = {
			isa = PBXNativeTarget;
			buildConfigurationList = 651DC85F1E53059800A9BED3 /* Build configuration list for PBXNativeTarget "ShareMoney" */;
			buildPhases = (
				4D228C2380A72E7B02668D33 /* [CP] Check Pods Manifest.lock */,
				651DC8441E53059800A9BED3 /* Sources */,
				651DC8451E53059800A9BED3 /* Frameworks */,
				651DC8461E53059800A9BED3 /* Resources */,
				CA9572B08569AC02AC3AAD79 /* [CP] Embed Pods Frameworks */,
				565D392CF05DF21D6815E001 /* [CP] Copy Pods Resources */,
			);
			buildRules = (
			);
			dependencies = (
			);
			name = ShareMoney;
			productName = ShareMoney;
			productReference = 651DC8481E53059800A9BED3 /* ShareMoney.app */;
			productType = "com.apple.product-type.application";
		};
/* End PBXNativeTarget section */

/* Begin PBXProject section */
		651DC8401E53059800A9BED3 /* Project object */ = {
			isa = PBXProject;
			attributes = {
				LastUpgradeCheck = 0820;
				ORGANIZATIONNAME = Daniel;
				TargetAttributes = {
					651DC8471E53059800A9BED3 = {
						CreatedOnToolsVersion = 8.2;
						DevelopmentTeam = XM7PE2ATP2;
						ProvisioningStyle = Automatic;
					};
				};
			};
			buildConfigurationList = 651DC8431E53059800A9BED3 /* Build configuration list for PBXProject "ShareMoney" */;
			compatibilityVersion = "Xcode 3.2";
			developmentRegion = English;
			hasScannedForEncodings = 0;
			knownRegions = (
				en,
				Base,
			);
			mainGroup = 651DC83F1E53059800A9BED3;
			productRefGroup = 651DC8491E53059800A9BED3 /* Products */;
			projectDirPath = "";
			projectRoot = "";
			targets = (
				651DC8471E53059800A9BED3 /* ShareMoney */,
			);
		};
/* End PBXProject section */

/* Begin PBXResourcesBuildPhase section */
		651DC8461E53059800A9BED3 /* Resources */ = {
			isa = PBXResourcesBuildPhase;
			buildActionMask = 2147483647;
			files = (
				651DC85B1E53059800A9BED3 /* LaunchScreen.storyboard in Resources */,
				651DC8581E53059800A9BED3 /* Assets.xcassets in Resources */,
				651DC8561E53059800A9BED3 /* Main.storyboard in Resources */,
			);
			runOnlyForDeploymentPostprocessing = 0;
		};
/* End PBXResourcesBuildPhase section */

/* Begin PBXShellScriptBuildPhase section */
		4D228C2380A72E7B02668D33 /* [CP] Check Pods Manifest.lock */ = {
			isa = PBXShellScriptBuildPhase;
			buildActionMask = 2147483647;
			files = (
			);
			inputPaths = (
			);
			name = "[CP] Check Pods Manifest.lock";
			outputPaths = (
			);
			runOnlyForDeploymentPostprocessing = 0;
			shellPath = /bin/sh;
			shellScript = "diff \"${PODS_ROOT}/../Podfile.lock\" \"${PODS_ROOT}/Manifest.lock\" > /dev/null\nif [ $? != 0 ] ; then\n    # print error to STDERR\n    echo \"error: The sandbox is not in sync with the Podfile.lock. Run 'pod install' or update your CocoaPods installation.\" >&2\n    exit 1\nfi\n";
			showEnvVarsInLog = 0;
		};
		565D392CF05DF21D6815E001 /* [CP] Copy Pods Resources */ = {
			isa = PBXShellScriptBuildPhase;
			buildActionMask = 2147483647;
			files = (
			);
			inputPaths = (
			);
			name = "[CP] Copy Pods Resources";
			outputPaths = (
			);
			runOnlyForDeploymentPostprocessing = 0;
			shellPath = /bin/sh;
			shellScript = "\"${SRCROOT}/Pods/Target Support Files/Pods-ShareMoney/Pods-ShareMoney-resources.sh\"\n";
			showEnvVarsInLog = 0;
		};
		CA9572B08569AC02AC3AAD79 /* [CP] Embed Pods Frameworks */ = {
			isa = PBXShellScriptBuildPhase;
			buildActionMask = 2147483647;
			files = (
			);
			inputPaths = (
			);
			name = "[CP] Embed Pods Frameworks";
			outputPaths = (
			);
			runOnlyForDeploymentPostprocessing = 0;
			shellPath = /bin/sh;
			shellScript = "\"${SRCROOT}/Pods/Target Support Files/Pods-ShareMoney/Pods-ShareMoney-frameworks.sh\"\n";
			showEnvVarsInLog = 0;
		};
/* End PBXShellScriptBuildPhase section */

/* Begin PBXSourcesBuildPhase section */
		651DC8441E53059800A9BED3 /* Sources */ = {
			isa = PBXSourcesBuildPhase;
			buildActionMask = 2147483647;
			files = (
				651DC8531E53059800A9BED3 /* ViewController.m in Sources */,
				651DC8501E53059800A9BED3 /* AppDelegate.m in Sources */,
				651DC84D1E53059800A9BED3 /* main.m in Sources */,
			);
			runOnlyForDeploymentPostprocessing = 0;
		};
/* End PBXSourcesBuildPhase section */

/* Begin PBXVariantGroup section */
		651DC8541E53059800A9BED3 /* Main.storyboard */ = {
			isa = PBXVariantGroup;
			children = (
				651DC8551E53059800A9BED3 /* Base */,
			);
			name = Main.storyboard;
			sourceTree = "<group>";
		};
		651DC8591E53059800A9BED3 /* LaunchScreen.storyboard */ = {
			isa = PBXVariantGroup;
			children = (
				651DC85A1E53059800A9BED3 /* Base */,
			);
			name = LaunchScreen.storyboard;
			sourceTree = "<group>";
		};
/* End PBXVariantGroup section */

/* Begin XCBuildConfiguration section */
		651DC85D1E53059800A9BED3 /* Debug */ = {
			isa = XCBuildConfiguration;
			buildSettings = {
				ALWAYS_SEARCH_USER_PATHS = NO;
				CLANG_ANALYZER_NONNULL = YES;
				CLANG_CXX_LANGUAGE_STANDARD = "gnu++0x";
				CLANG_CXX_LIBRARY = "libc++";
				CLANG_ENABLE_MODULES = YES;
				CLANG_ENABLE_OBJC_ARC = YES;
				CLANG_WARN_BOOL_CONVERSION = YES;
				CLANG_WARN_CONSTANT_CONVERSION = YES;
				CLANG_WARN_DIRECT_OBJC_ISA_USAGE = YES_ERROR;
				CLANG_WARN_DOCUMENTATION_COMMENTS = YES;
				CLANG_WARN_EMPTY_BODY = YES;
				CLANG_WARN_ENUM_CONVERSION = YES;
				CLANG_WARN_INFINITE_RECURSION = YES;
				CLANG_WARN_INT_CONVERSION = YES;
				CLANG_WARN_OBJC_ROOT_CLASS = YES_ERROR;
				CLANG_WARN_SUSPICIOUS_MOVE = YES;
				CLANG_WARN_UNREACHABLE_CODE = YES;
				CLANG_WARN__DUPLICATE_METHOD_MATCH = YES;
				"CODE_SIGN_IDENTITY[sdk=iphoneos*]" = "iPhone Developer";
				COPY_PHASE_STRIP = NO;
				DEBUG_INFORMATION_FORMAT = dwarf;
				ENABLE_STRICT_OBJC_MSGSEND = YES;
				ENABLE_TESTABILITY = YES;
				GCC_C_LANGUAGE_STANDARD = gnu99;
				GCC_DYNAMIC_NO_PIC = NO;
				GCC_NO_COMMON_BLOCKS = YES;
				GCC_OPTIMIZATION_LEVEL = 0;
				GCC_PREPROCESSOR_DEFINITIONS = (
					"DEBUG=1",
					"$(inherited)",
				);
				GCC_WARN_64_TO_32_BIT_CONVERSION = YES;
				GCC_WARN_ABOUT_RETURN_TYPE = YES_ERROR;
				GCC_WARN_UNDECLARED_SELECTOR = YES;
				GCC_WARN_UNINITIALIZED_AUTOS = YES_AGGRESSIVE;
				GCC_WARN_UNUSED_FUNCTION = YES;
				GCC_WARN_UNUSED_VARIABLE = YES;
				IPHONEOS_DEPLOYMENT_TARGET = 10.2;
				MTL_ENABLE_DEBUG_INFO = YES;
				ONLY_ACTIVE_ARCH = YES;
				SDKROOT = iphoneos;
				TARGETED_DEVICE_FAMILY = "1,2";
			};
			name = Debug;
		};
		651DC85E1E53059800A9BED3 /* Release */ = {
			isa = XCBuildConfiguration;
			buildSettings = {
				ALWAYS_SEARCH_USER_PATHS = NO;
				CLANG_ANALYZER_NONNULL = YES;
				CLANG_CXX_LANGUAGE_STANDARD = "gnu++0x";
				CLANG_CXX_LIBRARY = "libc++";
				CLANG_ENABLE_MODULES = YES;
				CLANG_ENABLE_OBJC_ARC = YES;
				CLANG_WARN_BOOL_CONVERSION = YES;
				CLANG_WARN_CONSTANT_CONVERSION = YES;
				CLANG_WARN_DIRECT_OBJC_ISA_USAGE = YES_ERROR;
				CLANG_WARN_DOCUMENTATION_COMMENTS = YES;
				CLANG_WARN_EMPTY_BODY = YES;
				CLANG_WARN_ENUM_CONVERSION = YES;
				CLANG_WARN_INFINITE_RECURSION = YES;
				CLANG_WARN_INT_CONVERSION = YES;
				CLANG_WARN_OBJC_ROOT_CLASS = YES_ERROR;
				CLANG_WARN_SUSPICIOUS_MOVE = YES;
				CLANG_WARN_UNREACHABLE_CODE = YES;
				CLANG_WARN__DUPLICATE_METHOD_MATCH = YES;
				"CODE_SIGN_IDENTITY[sdk=iphoneos*]" = "iPhone Developer";
				COPY_PHASE_STRIP = NO;
				DEBUG_INFORMATION_FORMAT = "dwarf-with-dsym";
				ENABLE_NS_ASSERTIONS = NO;
				ENABLE_STRICT_OBJC_MSGSEND = YES;
				GCC_C_LANGUAGE_STANDARD = gnu99;
				GCC_NO_COMMON_BLOCKS = YES;
				GCC_WARN_64_TO_32_BIT_CONVERSION = YES;
				GCC_WARN_ABOUT_RETURN_TYPE = YES_ERROR;
				GCC_WARN_UNDECLARED_SELECTOR = YES;
				GCC_WARN_UNINITIALIZED_AUTOS = YES_AGGRESSIVE;
				GCC_WARN_UNUSED_FUNCTION = YES;
				GCC_WARN_UNUSED_VARIABLE = YES;
				IPHONEOS_DEPLOYMENT_TARGET = 10.2;
				MTL_ENABLE_DEBUG_INFO = NO;
				SDKROOT = iphoneos;
				TARGETED_DEVICE_FAMILY = "1,2";
				VALIDATE_PRODUCT = YES;
			};
			name = Release;
		};
		651DC8601E53059800A9BED3 /* Debug */ = {
			isa = XCBuildConfiguration;
			baseConfigurationReference = DE0A84367A25A0A25C9A418B /* Pods-ShareMoney.debug.xcconfig */;
			buildSettings = {
				ASSETCATALOG_COMPILER_APPICON_NAME = AppIcon;
				DEVELOPMENT_TEAM = XM7PE2ATP2;
				INFOPLIST_FILE = ShareMoney/Info.plist;
				LD_RUNPATH_SEARCH_PATHS = "$(inherited) @executable_path/Frameworks";
				PRODUCT_BUNDLE_IDENTIFIER = com.Daniel.ShareMoney;
				PRODUCT_NAME = "$(TARGET_NAME)";
			};
			name = Debug;
		};
		651DC8611E53059800A9BED3 /* Release */ = {
			isa = XCBuildConfiguration;
			baseConfigurationReference = 833D80A5B792F30B150D29F4 /* Pods-ShareMoney.release.xcconfig */;
			buildSettings = {
				ASSETCATALOG_COMPILER_APPICON_NAME = AppIcon;
				DEVELOPMENT_TEAM = XM7PE2ATP2;
				INFOPLIST_FILE = ShareMoney/Info.plist;
				LD_RUNPATH_SEARCH_PATHS = "$(inherited) @executable_path/Frameworks";
				PRODUCT_BUNDLE_IDENTIFIER = com.Daniel.ShareMoney;
				PRODUCT_NAME = "$(TARGET_NAME)";
			};
			name = Release;
		};
/* End XCBuildConfiguration section */

/* Begin XCConfigurationList section */
		651DC8431E53059800A9BED3 /* Build configuration list for PBXProject "ShareMoney" */ = {
			isa = XCConfigurationList;
			buildConfigurations = (
				651DC85D1E53059800A9BED3 /* Debug */,
				651DC85E1E53059800A9BED3 /* Release */,
			);
			defaultConfigurationIsVisible = 0;
			defaultConfigurationName = Release;
		};
		651DC85F1E53059800A9BED3 /* Build configuration list for PBXNativeTarget "ShareMoney" */ = {
			isa = XCConfigurationList;
			buildConfigurations = (
				651DC8601E53059800A9BED3 /* Debug */,
				651DC8611E53059800A9BED3 /* Release */,
			);
			defaultConfigurationIsVisible = 0;
		};
/* End XCConfigurationList section */
	};
	rootObject = 651DC8401E53059800A9BED3 /* Project object */;
}
